
Microsoft Visual Studio Solution File, Format Version 12.00
# Visual Studio Version 17
VisualStudioVersion = 17.4.33213.308
MinimumVisualStudioVersion = 10.0.40219.1
Project("{FAE04EC0-301F-11D3-BF4B-00C04F79EFBC}") = "Lab_1", "Lab_1\Lab_1.csproj", "{AEA0131E-24DD-4CD0-BE2D-C89146551DC5}"
EndProject
Project("{2150E333-8FDC-42A3-9474-1A3956D46DE8}") = "Элементы решения", "Элементы решения", "{B6DB02AE-E62A-49A7-BCA5-583CFB16B7A3}"
	ProjectSection(SolutionItems) = preProject
		task.txt = task.txt
	EndProjectSection
EndProject
Global
	GlobalSection(SolutionConfigurationPlatforms) = preSolution
		Debug|Any CPU = Debug|Any CPU
		Release|Any CPU = Release|Any CPU
	EndGlobalSection
	GlobalSection(ProjectConfigurationPlatforms) = postSolution
		{AEA0131E-24DD-4CD0-BE2D-C89146551DC5}.Debug|Any CPU.ActiveCfg = Debug|Any CPU
		{AEA0131E-24DD-4CD0-BE2D-C89146551DC5}.Debug|Any CPU.Build.0 = Debug|Any CPU
		{AEA0131E-24DD-4CD0-BE2D-C89146551DC5}.Release|Any CPU.ActiveCfg = Release|Any CPU
		{AEA0131E-24DD-4CD0-BE2D-C89146551DC5}.Release|Any CPU.Build.0 = Release|Any CPU
	EndGlobalSection
	GlobalSection(SolutionProperties) = preSolution
		HideSolutionNode = FALSE
	EndGlobalSection
	GlobalSection(ExtensibilityGlobals) = postSolution
		SolutionGuid = {3554D0A5-847F-4BFA-B239-BE2286E36047}
	EndGlobalSection
EndGlobal
